
Microsoft Visual Studio Solution File, Format Version 12.00
# Visual Studio Version 16
VisualStudioVersion = 16.0.30907.101
MinimumVisualStudioVersion = 10.0.40219.1
Project("{888888A0-9F3D-457C-B088-3A5042F75D52}") = "DjangoWebProject2", "DjangoWebProject2\DjangoWebProject2.pyproj", "{C024917D-1042-43EA-AC3A-7A4F32B929A5}"
EndProject
Global
	GlobalSection(SolutionConfigurationPlatforms) = preSolution
		Debug|Any CPU = Debug|Any CPU
		Release|Any CPU = Release|Any CPU
	EndGlobalSection
	GlobalSection(ProjectConfigurationPlatforms) = postSolution
		{C024917D-1042-43EA-AC3A-7A4F32B929A5}.Debug|Any CPU.ActiveCfg = Debug|Any CPU
		{C024917D-1042-43EA-AC3A-7A4F32B929A5}.Debug|Any CPU.Build.0 = Debug|Any CPU
		{C024917D-1042-43EA-AC3A-7A4F32B929A5}.Release|Any CPU.ActiveCfg = Release|Any CPU
		{C024917D-1042-43EA-AC3A-7A4F32B929A5}.Release|Any CPU.Build.0 = Release|Any CPU
	EndGlobalSection
	GlobalSection(SolutionProperties) = preSolution
		HideSolutionNode = FALSE
	EndGlobalSection
	GlobalSection(ExtensibilityGlobals) = postSolution
		SolutionGuid = {916EBC47-7E86-4EA3-BC33-A5D4CDDD7856}
	EndGlobalSection
EndGlobal
